
Microsoft Visual Studio Solution File, Format Version 12.00
# Visual Studio Version 17
VisualStudioVersion = 17.9.34723.18
MinimumVisualStudioVersion = 10.0.40219.1
Project("{FAE04EC0-301F-11D3-BF4B-00C04F79EFBC}") = "BridgeDesignPatternSample", "BridgeDesignPatternSample\BridgeDesignPatternSample.csproj", "{58F5C118-077C-46F0-B155-B4F50C9BB1BA}"
EndProject
Global
	GlobalSection(SolutionConfigurationPlatforms) = preSolution
		Debug|Any CPU = Debug|Any CPU
		Release|Any CPU = Release|Any CPU
	EndGlobalSection
	GlobalSection(ProjectConfigurationPlatforms) = postSolution
		{58F5C118-077C-46F0-B155-B4F50C9BB1BA}.Debug|Any CPU.ActiveCfg = Debug|Any CPU
		{58F5C118-077C-46F0-B155-B4F50C9BB1BA}.Debug|Any CPU.Build.0 = Debug|Any CPU
		{58F5C118-077C-46F0-B155-B4F50C9BB1BA}.Release|Any CPU.ActiveCfg = Release|Any CPU
		{58F5C118-077C-46F0-B155-B4F50C9BB1BA}.Release|Any CPU.Build.0 = Release|Any CPU
	EndGlobalSection
	GlobalSection(SolutionProperties) = preSolution
		HideSolutionNode = FALSE
	EndGlobalSection
	GlobalSection(ExtensibilityGlobals) = postSolution
		SolutionGuid = {4A842110-7CA1-4AF0-9845-28AC2CF2ADDD}
	EndGlobalSection
EndGlobal
